{
  "version": 4,
  "terraform_version": "1.9.5",
  "serial": 43,
  "lineage": "e4c0a559-1781-07fa-eff5-b4b563e578b2",
  "outputs": {
    "nodebalancer_ip": {
      "value": "45.79.240.170",
      "type": "string"
    },
    "web1_ip": {
      "value": {
        "private_ip": "192.168.181.78",
        "public_ip": "45.79.9.91"
      },
      "type": [
        "object",
        {
          "private_ip": "string",
          "public_ip": "string"
        }
      ]
    },
    "web2_ip": {
      "value": {
        "private_ip": "192.168.181.118",
        "public_ip": "198.58.96.173"
      },
      "type": [
        "object",
        {
          "private_ip": "string",
          "public_ip": "string"
        }
      ]
    }
  },
  "resources": [
    {
      "mode": "managed",
      "type": "linode_instance",
      "name": "web1_node",
      "provider": "provider[\"registry.terraform.io/linode/linode\"]",
      "instances": [
        {
          "schema_version": 0,
          "attributes": {
            "alerts": [
              {
                "cpu": 90,
                "io": 10000,
                "network_in": 10,
                "network_out": 10,
                "transfer_quota": 80
              }
            ],
            "authorized_keys": [
              "ssh-ed25519 AAAAC3NzaC1lZDI1NTE5AAAAIOwkf/kxZzS2eXP+xXuxfawsjVFFPVEq4dv6h7C+a1jQ default",
              "ssh-ed25519 AAAAC3NzaC1lZDI1NTE5AAAAIPsP5SW6gaPi13WetZnOyi/zvOqJnfX8WFnCBsTT2Ir6 default"
            ],
            "authorized_users": null,
            "backup_id": null,
            "backups": [
              {
                "available": false,
                "enabled": false,
                "schedule": [
                  {
                    "day": "",
                    "window": ""
                  }
                ]
              }
            ],
            "backups_enabled": false,
            "boot_config_label": "My Ubuntu 24.04 LTS Disk Profile",
            "booted": true,
            "config": [
              {
                "comments": "",
                "devices": [
                  {
                    "sda": [
                      {
                        "disk_id": 126157517,
                        "disk_label": "Ubuntu 24.04 LTS Disk",
                        "volume_id": 0
                      }
                    ],
                    "sdb": [
                      {
                        "disk_id": 126157519,
                        "disk_label": "512 MB Swap Image",
                        "volume_id": 0
                      }
                    ],
                    "sdc": [],
                    "sdd": [],
                    "sde": [],
                    "sdf": [],
                    "sdg": [],
                    "sdh": []
                  }
                ],
                "helpers": [
                  {
                    "devtmpfs_automount": true,
                    "distro": true,
                    "modules_dep": true,
                    "network": true,
                    "updatedb_disabled": true
                  }
                ],
                "id": 67746244,
                "interface": [],
                "kernel": "linode/grub2",
                "label": "My Ubuntu 24.04 LTS Disk Profile",
                "memory_limit": 0,
                "root_device": "/dev/sda",
                "run_level": "default",
                "virt_mode": "paravirt"
              }
            ],
            "disk": [
              {
                "authorized_keys": [],
                "authorized_users": [],
                "filesystem": "ext4",
                "id": 126157517,
                "image": "",
                "label": "Ubuntu 24.04 LTS Disk",
                "read_only": false,
                "root_pass": "",
                "size": 25088,
                "stackscript_data": {},
                "stackscript_id": 0
              },
              {
                "authorized_keys": [],
                "authorized_users": [],
                "filesystem": "swap",
                "id": 126157519,
                "image": "",
                "label": "512 MB Swap Image",
                "read_only": false,
                "root_pass": "",
                "size": 512,
                "stackscript_data": {},
                "stackscript_id": 0
              }
            ],
            "firewall_id": null,
            "group": "",
            "has_user_data": false,
            "host_uuid": "9370ab302925505d0202ca22e8cfaac93668f7bf",
            "id": "64469020",
            "image": "linode/ubuntu24.04",
            "interface": [],
            "ip_address": "45.79.9.91",
            "ipv4": [
              "192.168.181.78",
              "45.79.9.91"
            ],
            "ipv6": "2600:3c00::f03c:95ff:fe9d:80f0/128",
            "label": "web1_node",
            "metadata": [],
            "migration_type": "cold",
            "placement_group": [],
            "placement_group_externally_managed": null,
            "private_ip": true,
            "private_ip_address": "192.168.181.78",
            "region": "us-central",
            "resize_disk": false,
            "root_pass": "l4f4HfeYv/5riyVbx16mnw14K4fHCYn3JdfEfWDSR0lET9T28PE2Wmj5PnjIbSBs8REcnNTDS/8QIXP0fIZEZA==",
            "shared_ipv4": [],
            "specs": [
              {
                "disk": 25600,
                "memory": 1024,
                "transfer": 1000,
                "vcpus": 1
              }
            ],
            "stackscript_data": null,
            "stackscript_id": null,
            "status": "running",
            "swap_size": 512,
            "tags": [
              "terraform"
            ],
            "timeouts": null,
            "type": "g6-nanode-1",
            "watchdog_enabled": true
          },
          "sensitive_attributes": [
            [
              {
                "type": "get_attr",
                "value": "stackscript_data"
              }
            ],
            [
              {
                "type": "get_attr",
                "value": "root_pass"
              }
            ],
            [
              {
                "type": "get_attr",
                "value": "disk"
              },
              {
                "type": "index",
                "value": {
                  "value": 0,
                  "type": "number"
                }
              },
              {
                "type": "get_attr",
                "value": "stackscript_data"
              }
            ],
            [
              {
                "type": "get_attr",
                "value": "disk"
              },
              {
                "type": "index",
                "value": {
                  "value": 0,
                  "type": "number"
                }
              },
              {
                "type": "get_attr",
                "value": "root_pass"
              }
            ],
            [
              {
                "type": "get_attr",
                "value": "disk"
              },
              {
                "type": "index",
                "value": {
                  "value": 1,
                  "type": "number"
                }
              },
              {
                "type": "get_attr",
                "value": "stackscript_data"
              }
            ],
            [
              {
                "type": "get_attr",
                "value": "disk"
              },
              {
                "type": "index",
                "value": {
                  "value": 1,
                  "type": "number"
                }
              },
              {
                "type": "get_attr",
                "value": "root_pass"
              }
            ]
          ],
          "private": "eyJlMmJmYjczMC1lY2FhLTExZTYtOGY4OC0zNDM2M2JjN2M0YzAiOnsiY3JlYXRlIjo5MDAwMDAwMDAwMDAsImRlbGV0ZSI6NjAwMDAwMDAwMDAwLCJ1cGRhdGUiOjM2MDAwMDAwMDAwMDB9fQ=="
        }
      ]
    },
    {
      "mode": "managed",
      "type": "linode_instance",
      "name": "web2_node",
      "provider": "provider[\"registry.terraform.io/linode/linode\"]",
      "instances": [
        {
          "schema_version": 0,
          "attributes": {
            "alerts": [
              {
                "cpu": 90,
                "io": 10000,
                "network_in": 10,
                "network_out": 10,
                "transfer_quota": 80
              }
            ],
            "authorized_keys": [
              "ssh-ed25519 AAAAC3NzaC1lZDI1NTE5AAAAIOwkf/kxZzS2eXP+xXuxfawsjVFFPVEq4dv6h7C+a1jQ default",
              "ssh-ed25519 AAAAC3NzaC1lZDI1NTE5AAAAIPsP5SW6gaPi13WetZnOyi/zvOqJnfX8WFnCBsTT2Ir6 default"
            ],
            "authorized_users": null,
            "backup_id": null,
            "backups": [
              {
                "available": false,
                "enabled": false,
                "schedule": [
                  {
                    "day": "",
                    "window": ""
                  }
                ]
              }
            ],
            "backups_enabled": false,
            "boot_config_label": "My Ubuntu 24.04 LTS Disk Profile",
            "booted": true,
            "config": [
              {
                "comments": "",
                "devices": [
                  {
                    "sda": [
                      {
                        "disk_id": 126157520,
                        "disk_label": "Ubuntu 24.04 LTS Disk",
                        "volume_id": 0
                      }
                    ],
                    "sdb": [
                      {
                        "disk_id": 126157521,
                        "disk_label": "512 MB Swap Image",
                        "volume_id": 0
                      }
                    ],
                    "sdc": [],
                    "sdd": [],
                    "sde": [],
                    "sdf": [],
                    "sdg": [],
                    "sdh": []
                  }
                ],
                "helpers": [
                  {
                    "devtmpfs_automount": true,
                    "distro": true,
                    "modules_dep": true,
                    "network": true,
                    "updatedb_disabled": true
                  }
                ],
                "id": 67746247,
                "interface": [],
                "kernel": "linode/grub2",
                "label": "My Ubuntu 24.04 LTS Disk Profile",
                "memory_limit": 0,
                "root_device": "/dev/sda",
                "run_level": "default",
                "virt_mode": "paravirt"
              }
            ],
            "disk": [
              {
                "authorized_keys": [],
                "authorized_users": [],
                "filesystem": "ext4",
                "id": 126157520,
                "image": "",
                "label": "Ubuntu 24.04 LTS Disk",
                "read_only": false,
                "root_pass": "",
                "size": 25088,
                "stackscript_data": {},
                "stackscript_id": 0
              },
              {
                "authorized_keys": [],
                "authorized_users": [],
                "filesystem": "swap",
                "id": 126157521,
                "image": "",
                "label": "512 MB Swap Image",
                "read_only": false,
                "root_pass": "",
                "size": 512,
                "stackscript_data": {},
                "stackscript_id": 0
              }
            ],
            "firewall_id": null,
            "group": "",
            "has_user_data": false,
            "host_uuid": "d18183b14a96496fa1681f7c44a0431bd6631a5b",
            "id": "64469021",
            "image": "linode/ubuntu24.04",
            "interface": [],
            "ip_address": "198.58.96.173",
            "ipv4": [
              "192.168.181.118",
              "198.58.96.173"
            ],
            "ipv6": "2600:3c00::f03c:95ff:fe9d:8049/128",
            "label": "web2_node",
            "metadata": [],
            "migration_type": "cold",
            "placement_group": [],
            "placement_group_externally_managed": null,
            "private_ip": true,
            "private_ip_address": "192.168.181.118",
            "region": "us-central",
            "resize_disk": false,
            "root_pass": "l4f4HfeYv/5riyVbx16mnw14K4fHCYn3JdfEfWDSR0lET9T28PE2Wmj5PnjIbSBs8REcnNTDS/8QIXP0fIZEZA==",
            "shared_ipv4": [],
            "specs": [
              {
                "disk": 25600,
                "memory": 1024,
                "transfer": 1000,
                "vcpus": 1
              }
            ],
            "stackscript_data": null,
            "stackscript_id": null,
            "status": "running",
            "swap_size": 512,
            "tags": [
              "terraform"
            ],
            "timeouts": null,
            "type": "g6-nanode-1",
            "watchdog_enabled": true
          },
          "sensitive_attributes": [
            [
              {
                "type": "get_attr",
                "value": "disk"
              },
              {
                "type": "index",
                "value": {
                  "value": 0,
                  "type": "number"
                }
              },
              {
                "type": "get_attr",
                "value": "stackscript_data"
              }
            ],
            [
              {
                "type": "get_attr",
                "value": "disk"
              },
              {
                "type": "index",
                "value": {
                  "value": 0,
                  "type": "number"
                }
              },
              {
                "type": "get_attr",
                "value": "root_pass"
              }
            ],
            [
              {
                "type": "get_attr",
                "value": "disk"
              },
              {
                "type": "index",
                "value": {
                  "value": 1,
                  "type": "number"
                }
              },
              {
                "type": "get_attr",
                "value": "stackscript_data"
              }
            ],
            [
              {
                "type": "get_attr",
                "value": "disk"
              },
              {
                "type": "index",
                "value": {
                  "value": 1,
                  "type": "number"
                }
              },
              {
                "type": "get_attr",
                "value": "root_pass"
              }
            ],
            [
              {
                "type": "get_attr",
                "value": "root_pass"
              }
            ],
            [
              {
                "type": "get_attr",
                "value": "stackscript_data"
              }
            ]
          ],
          "private": "eyJlMmJmYjczMC1lY2FhLTExZTYtOGY4OC0zNDM2M2JjN2M0YzAiOnsiY3JlYXRlIjo5MDAwMDAwMDAwMDAsImRlbGV0ZSI6NjAwMDAwMDAwMDAwLCJ1cGRhdGUiOjM2MDAwMDAwMDAwMDB9fQ=="
        }
      ]
    },
    {
      "mode": "managed",
      "type": "linode_nodebalancer",
      "name": "lb",
      "provider": "provider[\"registry.terraform.io/linode/linode\"]",
      "instances": [
        {
          "schema_version": 1,
          "attributes": {
            "client_conn_throttle": 0,
            "created": "2024-09-26T15:02:49Z",
            "firewall_id": null,
            "firewalls": [],
            "hostname": "45-79-240-170.ip.linodeusercontent.com",
            "id": "929526",
            "ipv4": "45.79.240.170",
            "ipv6": "2600:3c00:1::2d4f:f0aa",
            "label": null,
            "region": "us-central",
            "tags": [],
            "transfer": [
              {
                "in": 0,
                "out": 0,
                "total": 0
              }
            ],
            "updated": "2024-09-26T15:02:49Z"
          },
          "sensitive_attributes": []
        }
      ]
    },
    {
      "mode": "managed",
      "type": "linode_nodebalancer_config",
      "name": "lb_config",
      "provider": "provider[\"registry.terraform.io/linode/linode\"]",
      "instances": [
        {
          "schema_version": 1,
          "attributes": {
            "algorithm": "roundrobin",
            "check": "none",
            "check_attempts": 3,
            "check_body": "",
            "check_interval": 31,
            "check_passive": true,
            "check_path": "",
            "check_timeout": 30,
            "cipher_suite": "recommended",
            "id": "1527450",
            "node_status": [
              {
                "down": 0,
                "up": 0
              }
            ],
            "nodebalancer_id": 929526,
            "port": 80,
            "protocol": "http",
            "proxy_protocol": "none",
            "ssl_cert": null,
            "ssl_commonname": "",
            "ssl_fingerprint": "",
            "ssl_key": null,
            "stickiness": "none"
          },
          "sensitive_attributes": [
            [
              {
                "type": "get_attr",
                "value": "ssl_cert"
              }
            ],
            [
              {
                "type": "get_attr",
                "value": "ssl_key"
              }
            ]
          ],
          "dependencies": [
            "linode_nodebalancer.lb"
          ]
        }
      ]
    },
    {
      "mode": "managed",
      "type": "linode_nodebalancer_node",
      "name": "web1_node",
      "provider": "provider[\"registry.terraform.io/linode/linode\"]",
      "instances": [
        {
          "schema_version": 0,
          "attributes": {
            "address": "192.168.181.78:80",
            "config_id": 1527450,
            "id": "2057705359",
            "label": "web1",
            "mode": "accept",
            "nodebalancer_id": 929526,
            "status": "Unknown",
            "weight": 50
          },
          "sensitive_attributes": [],
          "private": "bnVsbA==",
          "dependencies": [
            "linode_instance.web1_node",
            "linode_nodebalancer.lb",
            "linode_nodebalancer_config.lb_config"
          ]
        }
      ]
    },
    {
      "mode": "managed",
      "type": "linode_nodebalancer_node",
      "name": "web2_node",
      "provider": "provider[\"registry.terraform.io/linode/linode\"]",
      "instances": [
        {
          "schema_version": 0,
          "attributes": {
            "address": "192.168.181.118:80",
            "config_id": 1527450,
            "id": "2057705334",
            "label": "web2",
            "mode": "accept",
            "nodebalancer_id": 929526,
            "status": "Unknown",
            "weight": 50
          },
          "sensitive_attributes": [],
          "private": "bnVsbA==",
          "dependencies": [
            "linode_instance.web2_node",
            "linode_nodebalancer.lb",
            "linode_nodebalancer_config.lb_config"
          ]
        }
      ]
    }
  ],
  "check_results": null
}
