{
  "version": 4,
  "terraform_version": "1.9.5",
  "serial": 13,
  "lineage": "7efa3d96-ea77-aa07-91ee-abee84996a7d",
  "outputs": {
    "instance_ip": {
      "value": "linode ip is 173.255.205.32",
      "type": "string"
    },
    "volume_id": {
      "value": "6285957",
      "type": "string"
    }
  },
  "resources": [
    {
      "mode": "managed",
      "type": "linode_instance",
      "name": "linodePC",
      "provider": "provider[\"registry.terraform.io/linode/linode\"]",
      "instances": [
        {
          "schema_version": 0,
          "attributes": {
            "alerts": [
              {
                "cpu": 90,
                "io": 10000,
                "network_in": 10,
                "network_out": 10,
                "transfer_quota": 80
              }
            ],
            "authorized_keys": [
              "ssh-ed25519 AAAAC3NzaC1lZDI1NTE5AAAAIOwkf/kxZzS2eXP+xXuxfawsjVFFPVEq4dv6h7C+a1jQ default"
            ],
            "authorized_users": null,
            "backup_id": null,
            "backups": [
              {
                "available": false,
                "enabled": false,
                "schedule": [
                  {
                    "day": "",
                    "window": ""
                  }
                ]
              }
            ],
            "backups_enabled": false,
            "boot_config_label": "My Ubuntu 24.04 LTS Disk Profile",
            "booted": true,
            "config": [
              {
                "comments": "",
                "devices": [
                  {
                    "sda": [
                      {
                        "disk_id": 125858753,
                        "disk_label": "Ubuntu 24.04 LTS Disk",
                        "volume_id": 0
                      }
                    ],
                    "sdb": [
                      {
                        "disk_id": 125858754,
                        "disk_label": "512 MB Swap Image",
                        "volume_id": 0
                      }
                    ],
                    "sdc": [
                      {
                        "disk_id": 0,
                        "disk_label": "",
                        "volume_id": 6285957
                      }
                    ],
                    "sdd": [],
                    "sde": [],
                    "sdf": [],
                    "sdg": [],
                    "sdh": []
                  }
                ],
                "helpers": [
                  {
                    "devtmpfs_automount": true,
                    "distro": true,
                    "modules_dep": true,
                    "network": true,
                    "updatedb_disabled": true
                  }
                ],
                "id": 67580115,
                "interface": [],
                "kernel": "linode/grub2",
                "label": "My Ubuntu 24.04 LTS Disk Profile",
                "memory_limit": 0,
                "root_device": "/dev/sda",
                "run_level": "default",
                "virt_mode": "paravirt"
              }
            ],
            "disk": [
              {
                "authorized_keys": [],
                "authorized_users": [],
                "filesystem": "ext4",
                "id": 125858753,
                "image": "",
                "label": "Ubuntu 24.04 LTS Disk",
                "read_only": false,
                "root_pass": "",
                "size": 25088,
                "stackscript_data": {},
                "stackscript_id": 0
              },
              {
                "authorized_keys": [],
                "authorized_users": [],
                "filesystem": "swap",
                "id": 125858754,
                "image": "",
                "label": "512 MB Swap Image",
                "read_only": false,
                "root_pass": "",
                "size": 512,
                "stackscript_data": {},
                "stackscript_id": 0
              }
            ],
            "firewall_id": null,
            "group": "",
            "has_user_data": false,
            "host_uuid": "15eca77192485a57f76b0f4c1ba555686ac8901f",
            "id": "64306472",
            "image": "linode/ubuntu24.04",
            "interface": [],
            "ip_address": "173.255.205.32",
            "ipv4": [
              "173.255.205.32"
            ],
            "ipv6": "2600:3c00::f03c:95ff:fec3:1701/128",
            "label": "linodeWithTerraform",
            "metadata": [],
            "migration_type": "cold",
            "placement_group": [],
            "placement_group_externally_managed": null,
            "private_ip": false,
            "private_ip_address": null,
            "region": "us-central",
            "resize_disk": false,
            "root_pass": "l4f4HfeYv/5riyVbx16mnw14K4fHCYn3JdfEfWDSR0lET9T28PE2Wmj5PnjIbSBs8REcnNTDS/8QIXP0fIZEZA==",
            "shared_ipv4": [],
            "specs": [
              {
                "disk": 25600,
                "memory": 1024,
                "transfer": 1000,
                "vcpus": 1
              }
            ],
            "stackscript_data": null,
            "stackscript_id": null,
            "status": "running",
            "swap_size": 512,
            "tags": [
              "terraform"
            ],
            "timeouts": null,
            "type": "g6-nanode-1",
            "watchdog_enabled": true
          },
          "sensitive_attributes": [
            [
              {
                "type": "get_attr",
                "value": "root_pass"
              }
            ],
            [
              {
                "type": "get_attr",
                "value": "disk"
              },
              {
                "type": "index",
                "value": {
                  "value": 0,
                  "type": "number"
                }
              },
              {
                "type": "get_attr",
                "value": "root_pass"
              }
            ],
            [
              {
                "type": "get_attr",
                "value": "disk"
              },
              {
                "type": "index",
                "value": {
                  "value": 0,
                  "type": "number"
                }
              },
              {
                "type": "get_attr",
                "value": "stackscript_data"
              }
            ],
            [
              {
                "type": "get_attr",
                "value": "disk"
              },
              {
                "type": "index",
                "value": {
                  "value": 1,
                  "type": "number"
                }
              },
              {
                "type": "get_attr",
                "value": "stackscript_data"
              }
            ],
            [
              {
                "type": "get_attr",
                "value": "disk"
              },
              {
                "type": "index",
                "value": {
                  "value": 1,
                  "type": "number"
                }
              },
              {
                "type": "get_attr",
                "value": "root_pass"
              }
            ],
            [
              {
                "type": "get_attr",
                "value": "stackscript_data"
              }
            ]
          ],
          "private": "eyJlMmJmYjczMC1lY2FhLTExZTYtOGY4OC0zNDM2M2JjN2M0YzAiOnsiY3JlYXRlIjo5MDAwMDAwMDAwMDAsImRlbGV0ZSI6NjAwMDAwMDAwMDAwLCJ1cGRhdGUiOjM2MDAwMDAwMDAwMDB9fQ=="
        }
      ]
    },
    {
      "mode": "managed",
      "type": "linode_volume",
      "name": "additional_volume",
      "provider": "provider[\"registry.terraform.io/linode/linode\"]",
      "instances": [
        {
          "schema_version": 0,
          "attributes": {
            "filesystem_path": "/dev/disk/by-id/scsi-0Linode_Volume_additional_volume",
            "id": "6285957",
            "label": "additional_volume",
            "linode_id": 64306472,
            "region": "us-central",
            "size": 10,
            "source_volume_id": null,
            "status": "active",
            "tags": [],
            "timeouts": null
          },
          "sensitive_attributes": [],
          "dependencies": [
            "linode_instance.linodePC"
          ]
        }
      ]
    },
    {
      "mode": "managed",
      "type": "local_file",
      "name": "linode_ip",
      "provider": "provider[\"registry.terraform.io/hashicorp/local\"]",
      "instances": [
        {
          "schema_version": 0,
          "attributes": {
            "content": "IP Address of the new Linode is : 173.255.205.32",
            "content_base64": null,
            "content_base64sha256": "QXsjYmAduEOUigu6WmMM9WkCmH9dP9I5RXXfqT7nbbY=",
            "content_base64sha512": "xsZcHf5xCidW/dTjwe2QI7MOlb72kCB84hcp3nk495DO2kgIb0w5eSx5ZqMyCKiPgt9omonTOGX3qABcSQS+9g==",
            "content_md5": "7a7991938da37cb08c01c04cd517fa2d",
            "content_sha1": "9e39421ad2d5c3bbfa21ba9c24f77189204e225c",
            "content_sha256": "417b2362601db843948a0bba5a630cf56902987f5d3fd2394575dfa93ee76db6",
            "content_sha512": "c6c65c1dfe710a2756fdd4e3c1ed9023b30e95bef690207ce21729de7938f790ceda48086f4c39792c7966a33208a88f82df689a89d33865f7a8005c4904bef6",
            "directory_permission": "0777",
            "file_permission": "0777",
            "filename": "linode_ip.txt",
            "id": "9e39421ad2d5c3bbfa21ba9c24f77189204e225c",
            "sensitive_content": null,
            "source": null
          },
          "sensitive_attributes": [
            [
              {
                "type": "get_attr",
                "value": "sensitive_content"
              }
            ]
          ],
          "dependencies": [
            "linode_instance.linodePC",
            "linode_volume.additional_volume"
          ]
        }
      ]
    }
  ],
  "check_results": null
}
