{
  "version": 4,
  "terraform_version": "1.9.5",
  "serial": 3,
  "lineage": "042741f7-f500-60ff-49aa-ea276a9cebef",
  "outputs": {},
  "resources": [
    {
      "mode": "managed",
      "type": "github_branch",
      "name": "development",
      "provider": "provider[\"registry.terraform.io/integrations/github\"]",
      "instances": [
        {
          "schema_version": 0,
          "attributes": {
            "branch": "development",
            "etag": "W/\"3f8253c1957fbcdd3a12cf0f25a6786340e47d95d9d74f33e3b9c46b2eb7a172\"",
            "id": "terra-repo:development",
            "ref": "refs/heads/development",
            "repository": "terra-repo",
            "sha": "f428e64774eb3561386cde9de63844dad0c8dad2",
            "source_branch": "main",
            "source_sha": "f428e64774eb3561386cde9de63844dad0c8dad2"
          },
          "sensitive_attributes": [],
          "private": "bnVsbA==",
          "dependencies": [
            "github_repository.terra-repository"
          ]
        }
      ]
    },
    {
      "mode": "managed",
      "type": "github_repository",
      "name": "terra-repository",
      "provider": "provider[\"registry.terraform.io/integrations/github\"]",
      "instances": [
        {
          "schema_version": 1,
          "attributes": {
            "allow_auto_merge": false,
            "allow_merge_commit": true,
            "allow_rebase_merge": true,
            "allow_squash_merge": true,
            "allow_update_branch": false,
            "archive_on_destroy": null,
            "archived": false,
            "auto_init": null,
            "default_branch": "main",
            "delete_branch_on_merge": false,
            "description": "A simple example repository",
            "etag": "W/\"4fd952f90cc2f99d6c48b5eb677a890fa6c109421e172f40a812f9b6b531990e\"",
            "full_name": "fullstackjava082023/terra-repo",
            "git_clone_url": "git://github.com/fullstackjava082023/terra-repo.git",
            "gitignore_template": null,
            "has_discussions": false,
            "has_downloads": false,
            "has_issues": false,
            "has_projects": false,
            "has_wiki": false,
            "homepage_url": "",
            "html_url": "https://github.com/fullstackjava082023/terra-repo",
            "http_clone_url": "https://github.com/fullstackjava082023/terra-repo.git",
            "id": "terra-repo",
            "ignore_vulnerability_alerts_during_read": null,
            "is_template": false,
            "license_template": null,
            "merge_commit_message": "PR_TITLE",
            "merge_commit_title": "MERGE_MESSAGE",
            "name": "terra-repo",
            "node_id": "R_kgDOM3sGig",
            "pages": [],
            "primary_language": "",
            "private": false,
            "repo_id": 863700618,
            "security_and_analysis": [
              {
                "advanced_security": [],
                "secret_scanning": [
                  {
                    "status": "enabled"
                  }
                ],
                "secret_scanning_push_protection": [
                  {
                    "status": "enabled"
                  }
                ]
              }
            ],
            "squash_merge_commit_message": "COMMIT_MESSAGES",
            "squash_merge_commit_title": "COMMIT_OR_PR_TITLE",
            "ssh_clone_url": "git@github.com:fullstackjava082023/terra-repo.git",
            "svn_url": "https://github.com/fullstackjava082023/terra-repo",
            "template": [],
            "topics": [],
            "visibility": "public",
            "vulnerability_alerts": false,
            "web_commit_signoff_required": false
          },
          "sensitive_attributes": [],
          "private": "eyJzY2hlbWFfdmVyc2lvbiI6IjEifQ=="
        }
      ]
    }
  ],
  "check_results": null
}
