{
  "version": 4,
  "terraform_version": "1.9.5",
  "serial": 14,
  "lineage": "d1d0aa05-342b-1a53-938f-31201d5c8f34",
  "outputs": {},
  "resources": [
    {
      "mode": "managed",
      "type": "local_file",
      "name": "names",
      "provider": "provider[\"registry.terraform.io/hashicorp/local\"]",
      "instances": [
        {
          "index_key": 0,
          "schema_version": 0,
          "attributes": {
            "content": "stam content",
            "content_base64": null,
            "content_base64sha256": "jzxheiMQaACduwClEoWaz+dPrEAgtgvQFnD4Cnn4zvQ=",
            "content_base64sha512": "IM/++PC02Y6ov/h812WOGWmCtoFzusdW7oT1XA/ceVdoVJxJ3tRq9HsE7/Xf7y+3Oqq7jYAzyqDvlDmh7yE7xQ==",
            "content_md5": "135430a2acff469f9c0821c4ba1f1a33",
            "content_sha1": "fb556573c2ca2ea1971c5fe87df358e9a667bb2a",
            "content_sha256": "8f3c617a231068009dbb00a512859acfe74fac4020b60bd01670f80a79f8cef4",
            "content_sha512": "20cffef8f0b4d98ea8bff87cd7658e196982b68173bac756ee84f55c0fdc795768549c49ded46af47b04eff5dfef2fb73aaabb8d8033caa0ef9439a1ef213bc5",
            "directory_permission": "0777",
            "file_permission": "0777",
            "filename": "name0.txt",
            "id": "fb556573c2ca2ea1971c5fe87df358e9a667bb2a",
            "sensitive_content": null,
            "source": null
          },
          "sensitive_attributes": [
            [
              {
                "type": "get_attr",
                "value": "sensitive_content"
              }
            ]
          ]
        },
        {
          "index_key": 1,
          "schema_version": 0,
          "attributes": {
            "content": "stam content",
            "content_base64": null,
            "content_base64sha256": "jzxheiMQaACduwClEoWaz+dPrEAgtgvQFnD4Cnn4zvQ=",
            "content_base64sha512": "IM/++PC02Y6ov/h812WOGWmCtoFzusdW7oT1XA/ceVdoVJxJ3tRq9HsE7/Xf7y+3Oqq7jYAzyqDvlDmh7yE7xQ==",
            "content_md5": "135430a2acff469f9c0821c4ba1f1a33",
            "content_sha1": "fb556573c2ca2ea1971c5fe87df358e9a667bb2a",
            "content_sha256": "8f3c617a231068009dbb00a512859acfe74fac4020b60bd01670f80a79f8cef4",
            "content_sha512": "20cffef8f0b4d98ea8bff87cd7658e196982b68173bac756ee84f55c0fdc795768549c49ded46af47b04eff5dfef2fb73aaabb8d8033caa0ef9439a1ef213bc5",
            "directory_permission": "0777",
            "file_permission": "0777",
            "filename": "name1.txt",
            "id": "fb556573c2ca2ea1971c5fe87df358e9a667bb2a",
            "sensitive_content": null,
            "source": null
          },
          "sensitive_attributes": [
            [
              {
                "type": "get_attr",
                "value": "sensitive_content"
              }
            ]
          ]
        },
        {
          "index_key": 2,
          "schema_version": 0,
          "attributes": {
            "content": "stam content",
            "content_base64": null,
            "content_base64sha256": "jzxheiMQaACduwClEoWaz+dPrEAgtgvQFnD4Cnn4zvQ=",
            "content_base64sha512": "IM/++PC02Y6ov/h812WOGWmCtoFzusdW7oT1XA/ceVdoVJxJ3tRq9HsE7/Xf7y+3Oqq7jYAzyqDvlDmh7yE7xQ==",
            "content_md5": "135430a2acff469f9c0821c4ba1f1a33",
            "content_sha1": "fb556573c2ca2ea1971c5fe87df358e9a667bb2a",
            "content_sha256": "8f3c617a231068009dbb00a512859acfe74fac4020b60bd01670f80a79f8cef4",
            "content_sha512": "20cffef8f0b4d98ea8bff87cd7658e196982b68173bac756ee84f55c0fdc795768549c49ded46af47b04eff5dfef2fb73aaabb8d8033caa0ef9439a1ef213bc5",
            "directory_permission": "0777",
            "file_permission": "0777",
            "filename": "name2.txt",
            "id": "fb556573c2ca2ea1971c5fe87df358e9a667bb2a",
            "sensitive_content": null,
            "source": null
          },
          "sensitive_attributes": [
            [
              {
                "type": "get_attr",
                "value": "sensitive_content"
              }
            ]
          ]
        }
      ]
    },
    {
      "mode": "managed",
      "type": "local_file",
      "name": "pets",
      "provider": "provider[\"registry.terraform.io/hashicorp/local\"]",
      "instances": [
        {
          "index_key": "cat.txt",
          "schema_version": 0,
          "attributes": {
            "content": "stam content",
            "content_base64": null,
            "content_base64sha256": "jzxheiMQaACduwClEoWaz+dPrEAgtgvQFnD4Cnn4zvQ=",
            "content_base64sha512": "IM/++PC02Y6ov/h812WOGWmCtoFzusdW7oT1XA/ceVdoVJxJ3tRq9HsE7/Xf7y+3Oqq7jYAzyqDvlDmh7yE7xQ==",
            "content_md5": "135430a2acff469f9c0821c4ba1f1a33",
            "content_sha1": "fb556573c2ca2ea1971c5fe87df358e9a667bb2a",
            "content_sha256": "8f3c617a231068009dbb00a512859acfe74fac4020b60bd01670f80a79f8cef4",
            "content_sha512": "20cffef8f0b4d98ea8bff87cd7658e196982b68173bac756ee84f55c0fdc795768549c49ded46af47b04eff5dfef2fb73aaabb8d8033caa0ef9439a1ef213bc5",
            "directory_permission": "0777",
            "file_permission": "0777",
            "filename": "cat.txt",
            "id": "fb556573c2ca2ea1971c5fe87df358e9a667bb2a",
            "sensitive_content": null,
            "source": null
          },
          "sensitive_attributes": [
            [
              {
                "type": "get_attr",
                "value": "sensitive_content"
              }
            ]
          ]
        },
        {
          "index_key": "mouse.txt",
          "schema_version": 0,
          "attributes": {
            "content": "stam content",
            "content_base64": null,
            "content_base64sha256": "jzxheiMQaACduwClEoWaz+dPrEAgtgvQFnD4Cnn4zvQ=",
            "content_base64sha512": "IM/++PC02Y6ov/h812WOGWmCtoFzusdW7oT1XA/ceVdoVJxJ3tRq9HsE7/Xf7y+3Oqq7jYAzyqDvlDmh7yE7xQ==",
            "content_md5": "135430a2acff469f9c0821c4ba1f1a33",
            "content_sha1": "fb556573c2ca2ea1971c5fe87df358e9a667bb2a",
            "content_sha256": "8f3c617a231068009dbb00a512859acfe74fac4020b60bd01670f80a79f8cef4",
            "content_sha512": "20cffef8f0b4d98ea8bff87cd7658e196982b68173bac756ee84f55c0fdc795768549c49ded46af47b04eff5dfef2fb73aaabb8d8033caa0ef9439a1ef213bc5",
            "directory_permission": "0777",
            "file_permission": "0777",
            "filename": "mouse.txt",
            "id": "fb556573c2ca2ea1971c5fe87df358e9a667bb2a",
            "sensitive_content": null,
            "source": null
          },
          "sensitive_attributes": [
            [
              {
                "type": "get_attr",
                "value": "sensitive_content"
              }
            ]
          ]
        }
      ]
    }
  ],
  "check_results": null
}
