{
  "version": 4,
  "terraform_version": "1.9.6",
  "serial": 10,
  "lineage": "37dd6bd1-6e77-6ab2-511f-14dd5772c712",
  "outputs": {},
  "resources": [
    {
      "mode": "managed",
      "type": "local_file",
      "name": "anotherfile",
      "provider": "provider[\"registry.terraform.io/hashicorp/local\"]",
      "instances": [
        {
          "index_key": "one",
          "schema_version": 0,
          "attributes": {
            "content": "Another Hello, World!",
            "content_base64": null,
            "content_base64sha256": "O2TOSpg04BT6Njgp5BnRCokqWNSIa5HpkorpSgLBTgw=",
            "content_base64sha512": "EB5VfoJzG+nF6LHaTdVTQTVrG5WjUqWiyyhcA704EBm5WUq1DSm4jRQbogB5N5qAjBXd4IJiy7+0U1uTsv5ONg==",
            "content_md5": "54080fafbb399cf402da8436520178e4",
            "content_sha1": "b52917d55d33029ba30dc7c243f93b9acf0e02d7",
            "content_sha256": "3b64ce4a9834e014fa363829e419d10a892a58d4886b91e9928ae94a02c14e0c",
            "content_sha512": "101e557e82731be9c5e8b1da4dd55341356b1b95a352a5a2cb285c03bd381019b9594ab50d29b88d141ba20079379a808c15dde08262cbbfb4535b93b2fe4e36",
            "directory_permission": "0777",
            "file_permission": "0777",
            "filename": "./anotherHelloone.txt",
            "id": "b52917d55d33029ba30dc7c243f93b9acf0e02d7",
            "sensitive_content": null,
            "source": null
          },
          "sensitive_attributes": [
            [
              {
                "type": "get_attr",
                "value": "sensitive_content"
              }
            ]
          ]
        },
        {
          "index_key": "three",
          "schema_version": 0,
          "attributes": {
            "content": "Another Hello, World!",
            "content_base64": null,
            "content_base64sha256": "O2TOSpg04BT6Njgp5BnRCokqWNSIa5HpkorpSgLBTgw=",
            "content_base64sha512": "EB5VfoJzG+nF6LHaTdVTQTVrG5WjUqWiyyhcA704EBm5WUq1DSm4jRQbogB5N5qAjBXd4IJiy7+0U1uTsv5ONg==",
            "content_md5": "54080fafbb399cf402da8436520178e4",
            "content_sha1": "b52917d55d33029ba30dc7c243f93b9acf0e02d7",
            "content_sha256": "3b64ce4a9834e014fa363829e419d10a892a58d4886b91e9928ae94a02c14e0c",
            "content_sha512": "101e557e82731be9c5e8b1da4dd55341356b1b95a352a5a2cb285c03bd381019b9594ab50d29b88d141ba20079379a808c15dde08262cbbfb4535b93b2fe4e36",
            "directory_permission": "0777",
            "file_permission": "0777",
            "filename": "./anotherHellothree.txt",
            "id": "b52917d55d33029ba30dc7c243f93b9acf0e02d7",
            "sensitive_content": null,
            "source": null
          },
          "sensitive_attributes": [
            [
              {
                "type": "get_attr",
                "value": "sensitive_content"
              }
            ]
          ]
        },
        {
          "index_key": "two",
          "schema_version": 0,
          "attributes": {
            "content": "Another Hello, World!",
            "content_base64": null,
            "content_base64sha256": "O2TOSpg04BT6Njgp5BnRCokqWNSIa5HpkorpSgLBTgw=",
            "content_base64sha512": "EB5VfoJzG+nF6LHaTdVTQTVrG5WjUqWiyyhcA704EBm5WUq1DSm4jRQbogB5N5qAjBXd4IJiy7+0U1uTsv5ONg==",
            "content_md5": "54080fafbb399cf402da8436520178e4",
            "content_sha1": "b52917d55d33029ba30dc7c243f93b9acf0e02d7",
            "content_sha256": "3b64ce4a9834e014fa363829e419d10a892a58d4886b91e9928ae94a02c14e0c",
            "content_sha512": "101e557e82731be9c5e8b1da4dd55341356b1b95a352a5a2cb285c03bd381019b9594ab50d29b88d141ba20079379a808c15dde08262cbbfb4535b93b2fe4e36",
            "directory_permission": "0777",
            "file_permission": "0777",
            "filename": "./anotherHellotwo.txt",
            "id": "b52917d55d33029ba30dc7c243f93b9acf0e02d7",
            "sensitive_content": null,
            "source": null
          },
          "sensitive_attributes": [
            [
              {
                "type": "get_attr",
                "value": "sensitive_content"
              }
            ]
          ]
        }
      ]
    },
    {
      "mode": "managed",
      "type": "local_file",
      "name": "file",
      "provider": "provider[\"registry.terraform.io/hashicorp/local\"]",
      "instances": [
        {
          "index_key": 0,
          "schema_version": 0,
          "attributes": {
            "content": "Hello, World!",
            "content_base64": null,
            "content_base64sha256": "3/1gIbsr1bCvZ2KQgJ7DpTGR3YHH9wpLKGiKNiGCmG8=",
            "content_base64sha512": "N015SpXNz9izWZMYX++bo2jxYNja9DLQi6nx7R5avmzGkpHg+i/gAGpSVw7xjBne9OYXwzzlLvCm5fvjGMsDhw==",
            "content_md5": "65a8e27d8879283831b664bd8b7f0ad4",
            "content_sha1": "0a0a9f2a6772942557ab5355d76af442f8f65e01",
            "content_sha256": "dffd6021bb2bd5b0af676290809ec3a53191dd81c7f70a4b28688a362182986f",
            "content_sha512": "374d794a95cdcfd8b35993185fef9ba368f160d8daf432d08ba9f1ed1e5abe6cc69291e0fa2fe0006a52570ef18c19def4e617c33ce52ef0a6e5fbe318cb0387",
            "directory_permission": "0777",
            "file_permission": "0777",
            "filename": "./hello0.txt",
            "id": "0a0a9f2a6772942557ab5355d76af442f8f65e01",
            "sensitive_content": null,
            "source": null
          },
          "sensitive_attributes": [
            [
              {
                "type": "get_attr",
                "value": "sensitive_content"
              }
            ]
          ]
        },
        {
          "index_key": 1,
          "schema_version": 0,
          "attributes": {
            "content": "Hello, World!",
            "content_base64": null,
            "content_base64sha256": "3/1gIbsr1bCvZ2KQgJ7DpTGR3YHH9wpLKGiKNiGCmG8=",
            "content_base64sha512": "N015SpXNz9izWZMYX++bo2jxYNja9DLQi6nx7R5avmzGkpHg+i/gAGpSVw7xjBne9OYXwzzlLvCm5fvjGMsDhw==",
            "content_md5": "65a8e27d8879283831b664bd8b7f0ad4",
            "content_sha1": "0a0a9f2a6772942557ab5355d76af442f8f65e01",
            "content_sha256": "dffd6021bb2bd5b0af676290809ec3a53191dd81c7f70a4b28688a362182986f",
            "content_sha512": "374d794a95cdcfd8b35993185fef9ba368f160d8daf432d08ba9f1ed1e5abe6cc69291e0fa2fe0006a52570ef18c19def4e617c33ce52ef0a6e5fbe318cb0387",
            "directory_permission": "0777",
            "file_permission": "0777",
            "filename": "./hello1.txt",
            "id": "0a0a9f2a6772942557ab5355d76af442f8f65e01",
            "sensitive_content": null,
            "source": null
          },
          "sensitive_attributes": [
            [
              {
                "type": "get_attr",
                "value": "sensitive_content"
              }
            ]
          ]
        },
        {
          "index_key": 2,
          "schema_version": 0,
          "attributes": {
            "content": "Hello, World!",
            "content_base64": null,
            "content_base64sha256": "3/1gIbsr1bCvZ2KQgJ7DpTGR3YHH9wpLKGiKNiGCmG8=",
            "content_base64sha512": "N015SpXNz9izWZMYX++bo2jxYNja9DLQi6nx7R5avmzGkpHg+i/gAGpSVw7xjBne9OYXwzzlLvCm5fvjGMsDhw==",
            "content_md5": "65a8e27d8879283831b664bd8b7f0ad4",
            "content_sha1": "0a0a9f2a6772942557ab5355d76af442f8f65e01",
            "content_sha256": "dffd6021bb2bd5b0af676290809ec3a53191dd81c7f70a4b28688a362182986f",
            "content_sha512": "374d794a95cdcfd8b35993185fef9ba368f160d8daf432d08ba9f1ed1e5abe6cc69291e0fa2fe0006a52570ef18c19def4e617c33ce52ef0a6e5fbe318cb0387",
            "directory_permission": "0777",
            "file_permission": "0777",
            "filename": "./hello2.txt",
            "id": "0a0a9f2a6772942557ab5355d76af442f8f65e01",
            "sensitive_content": null,
            "source": null
          },
          "sensitive_attributes": [
            [
              {
                "type": "get_attr",
                "value": "sensitive_content"
              }
            ]
          ]
        }
      ]
    }
  ],
  "check_results": null
}
