{
  "version": 4,
  "terraform_version": "1.9.7",
  "serial": 17,
  "lineage": "e596b232-583e-cf54-7c5e-889261f30ed9",
  "outputs": {},
  "resources": [
    {
      "mode": "managed",
      "type": "aws_iam_group",
      "name": "starks",
      "provider": "provider[\"registry.terraform.io/hashicorp/aws\"]",
      "instances": [
        {
          "schema_version": 0,
          "attributes": {
            "arn": "arn:aws:iam::590183884095:group/starks",
            "id": "starks",
            "name": "starks",
            "path": "/",
            "unique_id": "AGPAYS2NTMU74VISIBB7X"
          },
          "sensitive_attributes": [],
          "private": "bnVsbA=="
        }
      ]
    },
    {
      "mode": "managed",
      "type": "aws_iam_group_membership",
      "name": "starks_team",
      "provider": "provider[\"registry.terraform.io/hashicorp/aws\"]",
      "instances": [
        {
          "schema_version": 0,
          "attributes": {
            "group": "starks",
            "id": "starks_team",
            "name": "starks_team",
            "users": [
              "arja"
            ]
          },
          "sensitive_attributes": [],
          "private": "bnVsbA==",
          "dependencies": [
            "aws_iam_group.starks",
            "aws_iam_user.arja"
          ]
        }
      ]
    },
    {
      "mode": "managed",
      "type": "aws_iam_group_policy_attachment",
      "name": "lambda_attachment_to_group",
      "provider": "provider[\"registry.terraform.io/hashicorp/aws\"]",
      "instances": [
        {
          "schema_version": 0,
          "attributes": {
            "group": "starks",
            "id": "starks-20241007182001784300000001",
            "policy_arn": "arn:aws:iam::590183884095:policy/LambdaManagerPolicy"
          },
          "sensitive_attributes": [],
          "private": "bnVsbA==",
          "dependencies": [
            "aws_iam_group.starks",
            "aws_iam_policy.lambda_management"
          ]
        }
      ]
    },
    {
      "mode": "managed",
      "type": "aws_iam_policy",
      "name": "lambda_management",
      "provider": "provider[\"registry.terraform.io/hashicorp/aws\"]",
      "instances": [
        {
          "schema_version": 0,
          "attributes": {
            "arn": "arn:aws:iam::590183884095:policy/LambdaManagerPolicy",
            "attachment_count": 1,
            "description": "Custom policy to manage AWS Lambda functions",
            "id": "arn:aws:iam::590183884095:policy/LambdaManagerPolicy",
            "name": "LambdaManagerPolicy",
            "name_prefix": "",
            "path": "/",
            "policy": "{\"Statement\":[{\"Action\":[\"lambda:CreateFunction\",\"lambda:DeleteFunction\",\"lambda:UpdateFunctionCode\",\"lambda:UpdateFunctionConfiguration\",\"lambda:GetFunction\",\"lambda:ListFunctions\",\"lambda:InvokeFunction\",\"lambda:AddPermission\",\"lambda:RemovePermission\"],\"Effect\":\"Allow\",\"Resource\":\"*\"}],\"Version\":\"2012-10-17\"}",
            "policy_id": "ANPAYS2NTMU7YFRRI5KY5",
            "tags": {},
            "tags_all": {}
          },
          "sensitive_attributes": [],
          "private": "bnVsbA=="
        }
      ]
    },
    {
      "mode": "managed",
      "type": "aws_iam_policy",
      "name": "s3_management",
      "provider": "provider[\"registry.terraform.io/hashicorp/aws\"]",
      "instances": [
        {
          "schema_version": 0,
          "attributes": {
            "arn": "arn:aws:iam::590183884095:policy/s3",
            "attachment_count": 1,
            "description": "Allow s3 access",
            "id": "arn:aws:iam::590183884095:policy/s3",
            "name": "s3",
            "name_prefix": "",
            "path": "/",
            "policy": "{\"Statement\":[{\"Action\":[\"s3:*\"],\"Effect\":\"Allow\",\"Resource\":\"*\"}],\"Version\":\"2012-10-17\"}",
            "policy_id": "ANPAYS2NTMU7372RGTCJO",
            "tags": {},
            "tags_all": {}
          },
          "sensitive_attributes": [],
          "private": "bnVsbA=="
        }
      ]
    },
    {
      "mode": "managed",
      "type": "aws_iam_user",
      "name": "arja",
      "provider": "provider[\"registry.terraform.io/hashicorp/aws\"]",
      "instances": [
        {
          "schema_version": 0,
          "attributes": {
            "arn": "arn:aws:iam::590183884095:user/arja",
            "force_destroy": false,
            "id": "arja",
            "name": "arja",
            "path": "/",
            "permissions_boundary": "",
            "tags": {
              "Position": "None from the North"
            },
            "tags_all": {
              "Position": "None from the North"
            },
            "unique_id": "AIDAYS2NTMU7XTWULUD5X"
          },
          "sensitive_attributes": [],
          "private": "bnVsbA=="
        }
      ]
    },
    {
      "mode": "managed",
      "type": "aws_iam_user_policy_attachment",
      "name": "add_admin",
      "provider": "provider[\"registry.terraform.io/hashicorp/aws\"]",
      "instances": [
        {
          "schema_version": 0,
          "attributes": {
            "id": "arja-20241007171450095000000001",
            "policy_arn": "arn:aws:iam::aws:policy/AdministratorAccess",
            "user": "arja"
          },
          "sensitive_attributes": [],
          "private": "bnVsbA==",
          "dependencies": [
            "aws_iam_user.arja"
          ]
        }
      ]
    },
    {
      "mode": "managed",
      "type": "aws_iam_user_policy_attachment",
      "name": "add_lambda_manager",
      "provider": "provider[\"registry.terraform.io/hashicorp/aws\"]",
      "instances": [
        {
          "schema_version": 0,
          "attributes": {
            "id": "arja-20241007180641070200000001",
            "policy_arn": "arn:aws:iam::590183884095:policy/LambdaManagerPolicy",
            "user": "arja"
          },
          "sensitive_attributes": [],
          "private": "bnVsbA==",
          "dependencies": [
            "aws_iam_policy.lambda_management",
            "aws_iam_user.arja"
          ]
        }
      ]
    },
    {
      "mode": "managed",
      "type": "aws_iam_user_policy_attachment",
      "name": "add_s3_manager",
      "provider": "provider[\"registry.terraform.io/hashicorp/aws\"]",
      "instances": [
        {
          "schema_version": 0,
          "attributes": {
            "id": "arja-20241007172355234200000001",
            "policy_arn": "arn:aws:iam::590183884095:policy/s3",
            "user": "arja"
          },
          "sensitive_attributes": [],
          "private": "bnVsbA==",
          "dependencies": [
            "aws_iam_policy.s3_management",
            "aws_iam_user.arja"
          ]
        }
      ]
    }
  ],
  "check_results": null
}
