{
  "version": 4,
  "terraform_version": "1.9.5",
  "serial": 33,
  "lineage": "f010292b-a4a0-28e1-751f-01ab79f28f2c",
  "outputs": {},
  "resources": [
    {
      "mode": "managed",
      "type": "local_file",
      "name": "name",
      "provider": "provider[\"registry.terraform.io/hashicorp/local\"]",
      "instances": [
        {
          "schema_version": 0,
          "attributes": {
            "content": "My favorite pet is Mrs_severely_amazingly_crisp_lark",
            "content_base64": null,
            "content_base64sha256": "HKgOLzgHK2iA02FwXVJfOSQR3Wj2Xej2nXenhF4OGm8=",
            "content_base64sha512": "BX2dy0zUecy931DVsOgRmSY29tf93jI4EN0pUf80X3vV5DZuK3O7NLJo6m1ZFms9hofUQQbQG73WilbGHrl1iA==",
            "content_md5": "67b7fed9cbafec83035efcd5acba9260",
            "content_sha1": "285c2de25f6f11dad877244ca4684d30099085c1",
            "content_sha256": "1ca80e2f38072b6880d361705d525f392411dd68f65de8f69d77a7845e0e1a6f",
            "content_sha512": "057d9dcb4cd479ccbddf50d5b0e811992636f6d7fdde323810dd2951ff345f7bd5e4366e2b73bb34b268ea6d59166b3d8687d44106d01bbdd68a56c61eb97588",
            "directory_permission": "0777",
            "file_permission": "0777",
            "filename": "dogs.txt",
            "id": "285c2de25f6f11dad877244ca4684d30099085c1",
            "sensitive_content": null,
            "source": null
          },
          "sensitive_attributes": [
            [
              {
                "type": "get_attr",
                "value": "sensitive_content"
              }
            ]
          ],
          "dependencies": [
            "random_pet.name"
          ]
        }
      ]
    },
    {
      "mode": "managed",
      "type": "random_pet",
      "name": "name",
      "provider": "provider[\"registry.terraform.io/hashicorp/random\"]",
      "instances": [
        {
          "schema_version": 0,
          "attributes": {
            "id": "Mrs_severely_amazingly_crisp_lark",
            "keepers": null,
            "length": 4,
            "prefix": "Mrs",
            "separator": "_"
          },
          "sensitive_attributes": []
        }
      ]
    }
  ],
  "check_results": null
}
